
Microsoft Visual Studio Solution File, Format Version 12.00
# Visual Studio Version 17
VisualStudioVersion = 17.10.35122.118
MinimumVisualStudioVersion = 10.0.40219.1
Project("{2150E333-8FDC-42A3-9474-1A3956D46DE8}") = "API", "API", "{7C702E9A-53CD-4E43-8BE4-78559C5D6A30}"
EndProject
Project("{9A19103F-16F7-4668-BE54-9A1E7A4F7556}") = "CQRSPOC.API", "src\CQRSPOC.API\CQRSPOC.API.csproj", "{A7B1BD8A-EBD4-4607-8C60-56BAC2373DC0}"
EndProject
Project("{9A19103F-16F7-4668-BE54-9A1E7A4F7556}") = "CQRSPOC.APPLICATION", "src\CQRSPOC.APPLICATION\CQRSPOC.APPLICATION.csproj", "{681ADB34-9514-4CFF-96C1-9917B5936493}"
EndProject
Project("{9A19103F-16F7-4668-BE54-9A1E7A4F7556}") = "CQRSPOC.ENTITY", "src\CQRSPOC.ENTITY\CQRSPOC.ENTITY.csproj", "{D4896AC6-C80E-41F8-9E67-A2A769EFF327}"
EndProject
Project("{FAE04EC0-301F-11D3-BF4B-00C04F79EFBC}") = "CQRSPROC.REPOSITORY", "src\CQRSPROC.REPOSITORY\CQRSPROC.REPOSITORY.csproj", "{E85E2F0E-FC41-47CB-AD84-DD94BCF07E9F}"
EndProject
Global
	GlobalSection(SolutionConfigurationPlatforms) = preSolution
		Debug|Any CPU = Debug|Any CPU
		Release|Any CPU = Release|Any CPU
	EndGlobalSection
	GlobalSection(ProjectConfigurationPlatforms) = postSolution
		{A7B1BD8A-EBD4-4607-8C60-56BAC2373DC0}.Debug|Any CPU.ActiveCfg = Debug|Any CPU
		{A7B1BD8A-EBD4-4607-8C60-56BAC2373DC0}.Debug|Any CPU.Build.0 = Debug|Any CPU
		{A7B1BD8A-EBD4-4607-8C60-56BAC2373DC0}.Release|Any CPU.ActiveCfg = Release|Any CPU
		{A7B1BD8A-EBD4-4607-8C60-56BAC2373DC0}.Release|Any CPU.Build.0 = Release|Any CPU
		{681ADB34-9514-4CFF-96C1-9917B5936493}.Debug|Any CPU.ActiveCfg = Debug|Any CPU
		{681ADB34-9514-4CFF-96C1-9917B5936493}.Debug|Any CPU.Build.0 = Debug|Any CPU
		{681ADB34-9514-4CFF-96C1-9917B5936493}.Release|Any CPU.ActiveCfg = Release|Any CPU
		{681ADB34-9514-4CFF-96C1-9917B5936493}.Release|Any CPU.Build.0 = Release|Any CPU
		{D4896AC6-C80E-41F8-9E67-A2A769EFF327}.Debug|Any CPU.ActiveCfg = Debug|Any CPU
		{D4896AC6-C80E-41F8-9E67-A2A769EFF327}.Debug|Any CPU.Build.0 = Debug|Any CPU
		{D4896AC6-C80E-41F8-9E67-A2A769EFF327}.Release|Any CPU.ActiveCfg = Release|Any CPU
		{D4896AC6-C80E-41F8-9E67-A2A769EFF327}.Release|Any CPU.Build.0 = Release|Any CPU
		{E85E2F0E-FC41-47CB-AD84-DD94BCF07E9F}.Debug|Any CPU.ActiveCfg = Debug|Any CPU
		{E85E2F0E-FC41-47CB-AD84-DD94BCF07E9F}.Debug|Any CPU.Build.0 = Debug|Any CPU
		{E85E2F0E-FC41-47CB-AD84-DD94BCF07E9F}.Release|Any CPU.ActiveCfg = Release|Any CPU
		{E85E2F0E-FC41-47CB-AD84-DD94BCF07E9F}.Release|Any CPU.Build.0 = Release|Any CPU
	EndGlobalSection
	GlobalSection(SolutionProperties) = preSolution
		HideSolutionNode = FALSE
	EndGlobalSection
	GlobalSection(NestedProjects) = preSolution
		{A7B1BD8A-EBD4-4607-8C60-56BAC2373DC0} = {7C702E9A-53CD-4E43-8BE4-78559C5D6A30}
		{681ADB34-9514-4CFF-96C1-9917B5936493} = {7C702E9A-53CD-4E43-8BE4-78559C5D6A30}
		{D4896AC6-C80E-41F8-9E67-A2A769EFF327} = {7C702E9A-53CD-4E43-8BE4-78559C5D6A30}
		{E85E2F0E-FC41-47CB-AD84-DD94BCF07E9F} = {7C702E9A-53CD-4E43-8BE4-78559C5D6A30}
	EndGlobalSection
	GlobalSection(ExtensibilityGlobals) = postSolution
		SolutionGuid = {76DEDB12-440D-40E3-B8FF-BA8C3EF3A3AE}
	EndGlobalSection
EndGlobal
